
Microsoft Visual Studio Solution File, Format Version 12.00
# Visual Studio Version 16
VisualStudioVersion = 16.0.29519.87
MinimumVisualStudioVersion = 10.0.40219.1
Project("{8BC9CEB8-8B4A-11D0-8D11-00A0C91BC942}") = "Variables", "Variables.vcxproj", "{B863B15B-F559-4E2F-B0DA-6CDCFF86B131}"
EndProject
Project("{8BC9CEB8-8B4A-11D0-8D11-00A0C91BC942}") = "Strings", "..\Strings\Strings.vcxproj", "{B1C5CF54-4A08-4379-8235-9FE3CDFBCD8E}"
EndProject
Project("{8BC9CEB8-8B4A-11D0-8D11-00A0C91BC942}") = "Input", "..\Input\Input.vcxproj", "{C1E52FD4-7560-4474-A4C0-477095B9B8C3}"
EndProject
Project("{8BC9CEB8-8B4A-11D0-8D11-00A0C91BC942}") = "IntegerTypes", "..\IntegerTypes\IntegerTypes.vcxproj", "{39AD7B83-57BC-460D-AE1C-CA527374E4CD}"
EndProject
Project("{8BC9CEB8-8B4A-11D0-8D11-00A0C91BC942}") = "FloatingPointTypes", "..\FloatingPointTypes\FloatingPointTypes.vcxproj", "{AF0D9B4E-7C18-4F46-B970-551E1D9C739F}"
EndProject
Project("{8BC9CEB8-8B4A-11D0-8D11-00A0C91BC942}") = "CharAndBoolean", "..\CharAndBoolean\CharAndBoolean.vcxproj", "{751C5AD8-0CB6-4AFB-A18C-667DB46AE15D}"
EndProject
Global
	GlobalSection(SolutionConfigurationPlatforms) = preSolution
		Debug|x64 = Debug|x64
		Debug|x86 = Debug|x86
		Release|x64 = Release|x64
		Release|x86 = Release|x86
	EndGlobalSection
	GlobalSection(ProjectConfigurationPlatforms) = postSolution
		{B863B15B-F559-4E2F-B0DA-6CDCFF86B131}.Debug|x64.ActiveCfg = Debug|x64
		{B863B15B-F559-4E2F-B0DA-6CDCFF86B131}.Debug|x64.Build.0 = Debug|x64
		{B863B15B-F559-4E2F-B0DA-6CDCFF86B131}.Debug|x86.ActiveCfg = Debug|Win32
		{B863B15B-F559-4E2F-B0DA-6CDCFF86B131}.Debug|x86.Build.0 = Debug|Win32
		{B863B15B-F559-4E2F-B0DA-6CDCFF86B131}.Release|x64.ActiveCfg = Release|x64
		{B863B15B-F559-4E2F-B0DA-6CDCFF86B131}.Release|x64.Build.0 = Release|x64
		{B863B15B-F559-4E2F-B0DA-6CDCFF86B131}.Release|x86.ActiveCfg = Release|Win32
		{B863B15B-F559-4E2F-B0DA-6CDCFF86B131}.Release|x86.Build.0 = Release|Win32
		{B1C5CF54-4A08-4379-8235-9FE3CDFBCD8E}.Debug|x64.ActiveCfg = Debug|x64
		{B1C5CF54-4A08-4379-8235-9FE3CDFBCD8E}.Debug|x64.Build.0 = Debug|x64
		{B1C5CF54-4A08-4379-8235-9FE3CDFBCD8E}.Debug|x86.ActiveCfg = Debug|Win32
		{B1C5CF54-4A08-4379-8235-9FE3CDFBCD8E}.Debug|x86.Build.0 = Debug|Win32
		{B1C5CF54-4A08-4379-8235-9FE3CDFBCD8E}.Release|x64.ActiveCfg = Release|x64
		{B1C5CF54-4A08-4379-8235-9FE3CDFBCD8E}.Release|x64.Build.0 = Release|x64
		{B1C5CF54-4A08-4379-8235-9FE3CDFBCD8E}.Release|x86.ActiveCfg = Release|Win32
		{B1C5CF54-4A08-4379-8235-9FE3CDFBCD8E}.Release|x86.Build.0 = Release|Win32
		{C1E52FD4-7560-4474-A4C0-477095B9B8C3}.Debug|x64.ActiveCfg = Debug|x64
		{C1E52FD4-7560-4474-A4C0-477095B9B8C3}.Debug|x64.Build.0 = Debug|x64
		{C1E52FD4-7560-4474-A4C0-477095B9B8C3}.Debug|x86.ActiveCfg = Debug|Win32
		{C1E52FD4-7560-4474-A4C0-477095B9B8C3}.Debug|x86.Build.0 = Debug|Win32
		{C1E52FD4-7560-4474-A4C0-477095B9B8C3}.Release|x64.ActiveCfg = Release|x64
		{C1E52FD4-7560-4474-A4C0-477095B9B8C3}.Release|x64.Build.0 = Release|x64
		{C1E52FD4-7560-4474-A4C0-477095B9B8C3}.Release|x86.ActiveCfg = Release|Win32
		{C1E52FD4-7560-4474-A4C0-477095B9B8C3}.Release|x86.Build.0 = Release|Win32
		{39AD7B83-57BC-460D-AE1C-CA527374E4CD}.Debug|x64.ActiveCfg = Debug|x64
		{39AD7B83-57BC-460D-AE1C-CA527374E4CD}.Debug|x64.Build.0 = Debug|x64
		{39AD7B83-57BC-460D-AE1C-CA527374E4CD}.Debug|x86.ActiveCfg = Debug|Win32
		{39AD7B83-57BC-460D-AE1C-CA527374E4CD}.Debug|x86.Build.0 = Debug|Win32
		{39AD7B83-57BC-460D-AE1C-CA527374E4CD}.Release|x64.ActiveCfg = Release|x64
		{39AD7B83-57BC-460D-AE1C-CA527374E4CD}.Release|x64.Build.0 = Release|x64
		{39AD7B83-57BC-460D-AE1C-CA527374E4CD}.Release|x86.ActiveCfg = Release|Win32
		{39AD7B83-57BC-460D-AE1C-CA527374E4CD}.Release|x86.Build.0 = Release|Win32
		{AF0D9B4E-7C18-4F46-B970-551E1D9C739F}.Debug|x64.ActiveCfg = Debug|x64
		{AF0D9B4E-7C18-4F46-B970-551E1D9C739F}.Debug|x64.Build.0 = Debug|x64
		{AF0D9B4E-7C18-4F46-B970-551E1D9C739F}.Debug|x86.ActiveCfg = Debug|Win32
		{AF0D9B4E-7C18-4F46-B970-551E1D9C739F}.Debug|x86.Build.0 = Debug|Win32
		{AF0D9B4E-7C18-4F46-B970-551E1D9C739F}.Release|x64.ActiveCfg = Release|x64
		{AF0D9B4E-7C18-4F46-B970-551E1D9C739F}.Release|x64.Build.0 = Release|x64
		{AF0D9B4E-7C18-4F46-B970-551E1D9C739F}.Release|x86.ActiveCfg = Release|Win32
		{AF0D9B4E-7C18-4F46-B970-551E1D9C739F}.Release|x86.Build.0 = Release|Win32
		{751C5AD8-0CB6-4AFB-A18C-667DB46AE15D}.Debug|x64.ActiveCfg = Debug|x64
		{751C5AD8-0CB6-4AFB-A18C-667DB46AE15D}.Debug|x64.Build.0 = Debug|x64
		{751C5AD8-0CB6-4AFB-A18C-667DB46AE15D}.Debug|x86.ActiveCfg = Debug|Win32
		{751C5AD8-0CB6-4AFB-A18C-667DB46AE15D}.Debug|x86.Build.0 = Debug|Win32
		{751C5AD8-0CB6-4AFB-A18C-667DB46AE15D}.Release|x64.ActiveCfg = Release|x64
		{751C5AD8-0CB6-4AFB-A18C-667DB46AE15D}.Release|x64.Build.0 = Release|x64
		{751C5AD8-0CB6-4AFB-A18C-667DB46AE15D}.Release|x86.ActiveCfg = Release|Win32
		{751C5AD8-0CB6-4AFB-A18C-667DB46AE15D}.Release|x86.Build.0 = Release|Win32
	EndGlobalSection
	GlobalSection(SolutionProperties) = preSolution
		HideSolutionNode = FALSE
	EndGlobalSection
	GlobalSection(ExtensibilityGlobals) = postSolution
		SolutionGuid = {470454D5-8475-453F-8D20-CCC8A6FFCA0E}
	EndGlobalSection
EndGlobal
